
Microsoft Visual Studio Solution File, Format Version 11.00
# Visual Studio 2010
Project("{FAE04EC0-301F-11D3-BF4B-00C04F79EFBC}") = "Atom-and-Space", "Assembly-CSharp.csproj", "{5702EED2-2FD2-CDB2-4F57-3B71D44095B8}"
EndProject
Global
	GlobalSection(SolutionConfigurationPlatforms) = preSolution
		Debug|Any CPU = Debug|Any CPU
		Release|Any CPU = Release|Any CPU
	EndGlobalSection
	GlobalSection(ProjectConfigurationPlatforms) = postSolution
		{5702EED2-2FD2-CDB2-4F57-3B71D44095B8}.Debug|Any CPU.ActiveCfg = Debug|Any CPU
		{5702EED2-2FD2-CDB2-4F57-3B71D44095B8}.Debug|Any CPU.Build.0 = Debug|Any CPU
		{5702EED2-2FD2-CDB2-4F57-3B71D44095B8}.Release|Any CPU.ActiveCfg = Release|Any CPU
		{5702EED2-2FD2-CDB2-4F57-3B71D44095B8}.Release|Any CPU.Build.0 = Release|Any CPU
	EndGlobalSection
	GlobalSection(SolutionProperties) = preSolution
		HideSolutionNode = FALSE
	EndGlobalSection
	GlobalSection(MonoDevelopProperties) = preSolution
		StartupItem = Assembly-CSharp.csproj
	EndGlobalSection
EndGlobal
